# This file is generated by running "yarn install" inside your project.
# Manual changes might be lost - proceed with caution!

__metadata:
  version: 8
  cacheKey: 10c0

"forge-std@npm:^1.1.2":
  version: 1.1.2
  resolution: "forge-std@npm:1.1.2"
  checksum: 10c0/8e6c4de83323f92dfcd29c53b385d7253833f1028ad44780c4499d62d6778a61d6187d17065cd7d96f55c7c1227b7b32da5a45c87d450b4445da74b7d37a6ed2
  languageName: node
  linkType: hard

"subnet-evals@workspace:.":
  version: 0.0.0-use.local
  resolution: "subnet-evals@workspace:."
  dependencies:
    forge-std: "npm:^1.1.2"
  languageName: unknown
  linkType: soft
